{
  "name": "rhv-dms-scanner",
  "version": "1.0.0",
  "description": "RHV DMS Scanner Agent - Enterprise Document Management Scanner",
  "main": "main.js",
  "author": "RHV DMS Team",
  "license": "MIT",
  "scripts": {
    "start": "node check-icons.js && electron .",
    "dev": "NODE_ENV=development node check-icons.js && electron .",
    "build": "node check-icons.js && electron-builder",
    "build:win": "node check-icons.js && electron-builder --win",
    "dist": "node check-icons.js && electron-builder --publish=never",
    "postinstall": "electron-builder install-app-deps"
  },
  "dependencies": {
    "axios": "^1.7.7",
    "chokidar": "^3.6.0",
    "express": "^4.21.0",
    "form-data": "^4.0.0",
    "uuid": "^10.0.0"
  },
  "devDependencies": {
    "electron": "^32.0.0",
    "electron-builder": "^26.0.0"
  },
  "build": {
    "appId": "com.rhv.dms.scanner",
    "productName": "RHV DMS Scanner",
    "directories": {
      "output": "dist"
    },
    "files": [
      "**/*",
      "!dist/**/*",
      "!build/**/*",
      "!*.md",
      "!package-lock.json"
    ],
    "win": {
      "target": "nsis",
      "icon": "assets/icon.ico",
      "requestedExecutionLevel": "asInvoker"
    },
    "nsis": {
      "oneClick": false,
      "perMachine": false,
      "allowToChangeInstallationDirectory": true,
      "installerIcon": "assets/icon.ico",
      "uninstallerIcon": "assets/icon.ico",
      "installerHeaderIcon": "assets/icon.ico",
      "createDesktopShortcut": true,
      "createStartMenuShortcut": true,
      "shortcutName": "RHV DMS Scanner",
      "runAfterFinish": true
    }
  }
}</content>
<parameter name="filePath">scanner-desktop/package.json